
Microsoft Visual Studio Solution File, Format Version 12.00
# Visual Studio Version 17
VisualStudioVersion = 17.14.36121.58 d17.14
MinimumVisualStudioVersion = 10.0.40219.1
Project("{FAE04EC0-301F-11D3-BF4B-00C04F79EFBC}") = "ChatDemo", "ChatDemo.csproj", "{D210E2AE-8DA0-4821-6A4D-F499F619A827}"
EndProject
Global
	GlobalSection(SolutionConfigurationPlatforms) = preSolution
		Debug|Any CPU = Debug|Any CPU
		Release|Any CPU = Release|Any CPU
	EndGlobalSection
	GlobalSection(ProjectConfigurationPlatforms) = postSolution
		{D210E2AE-8DA0-4821-6A4D-F499F619A827}.Debug|Any CPU.ActiveCfg = Debug|Any CPU
		{D210E2AE-8DA0-4821-6A4D-F499F619A827}.Debug|Any CPU.Build.0 = Debug|Any CPU
		{D210E2AE-8DA0-4821-6A4D-F499F619A827}.Release|Any CPU.ActiveCfg = Release|Any CPU
		{D210E2AE-8DA0-4821-6A4D-F499F619A827}.Release|Any CPU.Build.0 = Release|Any CPU
	EndGlobalSection
	GlobalSection(SolutionProperties) = preSolution
		HideSolutionNode = FALSE
	EndGlobalSection
	GlobalSection(ExtensibilityGlobals) = postSolution
		SolutionGuid = {B0503199-FF80-47F6-B6EF-A5CAD314448F}
	EndGlobalSection
EndGlobal
